<?xml version="1.0" encoding="utf-8"?>
<Project ToolsVersion="4.0" xmlns="http://schemas.microsoft.com/developer/msbuild/2003">
  <ItemGroup>
    <Filter Include="src">
      <UniqueIdentifier>{10dd646a-8797-4fbd-adf8-fe9c961d888f}</UniqueIdentifier>
    </Filter>
    <Filter Include="headers">
      <UniqueIdentifier>{75afa2fc-4a2b-48d0-b592-d26cf5d201a1}</UniqueIdentifier>
    </Filter>
  </ItemGroup>
  <ItemGroup>
    <ClCompile Include="test.c">
      <Filter>src</Filter>
    </ClCompile>
    <ClCompile Include="token.c">
      <Filter>src</Filter>
    </ClCompile>
    <ClCompile Include="tokenizer.c">
      <Filter>src</Filter>
    </ClCompile>
    <ClCompile Include="tokenizer_output.c">
      <Filter>src</Filter>
    </ClCompile>
  </ItemGroup>
  <ItemGroup>
    <ClInclude Include="TOKEN.h">
      <Filter>headers</Filter>
    </ClInclude>
    <ClInclude Include="TOKEN_KIND.h">
      <Filter>headers</Filter>
    </ClInclude>
    <ClInclude Include="TOKENIZER.h">
      <Filter>headers</Filter>
    </ClInclude>
    <ClInclude Include="TOKENIZER_OUTPUT.h">
      <Filter>headers</Filter>
    </ClInclude>
    <ClInclude Include="TK_ENUM_CONVERSION.h">
      <Filter>headers</Filter>
    </ClInclude>
  </ItemGroup>
  <ItemGroup>
    <Text Include="testsource.txt">
      <Filter>src</Filter>
    </Text>
  </ItemGroup>
</Project>